// !$*UTF8*$!
{
	archiveVersion = 1;
	classes = {
	};
	objectVersion = 48;
	objects = {

/* Begin PBXBuildFile section */
		62999C57207BF6EF0015A844 /* AppDelegate.swift in Sources */ = {isa = PBXBuildFile; fileRef = 62999C56207BF6EF0015A844 /* AppDelegate.swift */; };
		62999C59207BF6EF0015A844 /* ViewController.swift in Sources */ = {isa = PBXBuildFile; fileRef = 62999C58207BF6EF0015A844 /* ViewController.swift */; };
		62999C5B207BF6EF0015A844 /* Assets.xcassets in Resources */ = {isa = PBXBuildFile; fileRef = 62999C5A207BF6EF0015A844 /* Assets.xcassets */; };
		62999C5E207BF6EF0015A844 /* Main.storyboard in Resources */ = {isa = PBXBuildFile; fileRef = 62999C5C207BF6EF0015A844 /* Main.storyboard */; };
/* End PBXBuildFile section */

/* Begin PBXFileReference section */
		62999C53207BF6EF0015A844 /* First_MAC_OS_App.app */ = {isa = PBXFileReference; explicitFileType = wrapper.application; includeInIndex = 0; path = First_MAC_OS_App.app; sourceTree = BUILT_PRODUCTS_DIR; };
		62999C56207BF6EF0015A844 /* AppDelegate.swift */ = {isa = PBXFileReference; lastKnownFileType = sourcecode.swift; path = AppDelegate.swift; sourceTree = "<group>"; };
		62999C58207BF6EF0015A844 /* ViewController.swift */ = {isa = PBXFileReference; lastKnownFileType = sourcecode.swift; path = ViewController.swift; sourceTree = "<group>"; };
		62999C5A207BF6EF0015A844 /* Assets.xcassets */ = {isa = PBXFileReference; lastKnownFileType = folder.assetcatalog; path = Assets.xcassets; sourceTree = "<group>"; };
		62999C5D207BF6EF0015A844 /* Base */ = {isa = PBXFileReference; lastKnownFileType = file.storyboard; name = Base; path = Base.lproj/Main.storyboard; sourceTree = "<group>"; };
		62999C5F207BF6EF0015A844 /* Info.plist */ = {isa = PBXFileReference; lastKnownFileType = text.plist.xml; path = Info.plist; sourceTree = "<group>"; };
		62999C60207BF6EF0015A844 /* First_MAC_OS_App.entitlements */ = {isa = PBXFileReference; lastKnownFileType = text.plist.entitlements; path = First_MAC_OS_App.entitlements; sourceTree = "<group>"; };
/* End PBXFileReference section */

/* Begin PBXFrameworksBuildPhase section */
		62999C50207BF6EF0015A844 /* Frameworks */ = {
			isa = PBXFrameworksBuildPhase;
			buildActionMask = 2147483647;
			files = (
			);
			runOnlyForDeploymentPostprocessing = 0;
		};
/* End PBXFrameworksBuildPhase section */

/* Begin PBXGroup section */
		62999C4A207BF6EF0015A844 = {
			isa = PBXGroup;
			children = (
				62999C55207BF6EF0015A844 /* First_MAC_OS_App */,
				62999C54207BF6EF0015A844 /* Products */,
			);
			sourceTree = "<group>";
		};
		62999C54207BF6EF0015A844 /* Products */ = {
			isa = PBXGroup;
			children = (
				62999C53207BF6EF0015A844 /* First_MAC_OS_App.app */,
			);
			name = Products;
			sourceTree = "<group>";
		};
		62999C55207BF6EF0015A844 /* First_MAC_OS_App */ = {
			isa = PBXGroup;
			children = (
				62999C56207BF6EF0015A844 /* AppDelegate.swift */,
				62999C58207BF6EF0015A844 /* ViewController.swift */,
				62999C5A207BF6EF0015A844 /* Assets.xcassets */,
				62999C5C207BF6EF0015A844 /* Main.storyboard */,
				62999C5F207BF6EF0015A844 /* Info.plist */,
				62999C60207BF6EF0015A844 /* First_MAC_OS_App.entitlements */,
			);
			path = First_MAC_OS_App;
			sourceTree = "<group>";
		};
/* End PBXGroup section */

/* Begin PBXNativeTarget section */
		62999C52207BF6EF0015A844 /* First_MAC_OS_App */ = {
			isa = PBXNativeTarget;
			buildConfigurationList = 62999C63207BF6EF0015A844 /* Build configuration list for PBXNativeTarget "First_MAC_OS_App" */;
			buildPhases = (
				62999C4F207BF6EF0015A844 /* Sources */,
				62999C50207BF6EF0015A844 /* Frameworks */,
				62999C51207BF6EF0015A844 /* Resources */,
			);
			buildRules = (
			);
			dependencies = (
			);
			name = First_MAC_OS_App;
			productName = First_MAC_OS_App;
			productReference = 62999C53207BF6EF0015A844 /* First_MAC_OS_App.app */;
			productType = "com.apple.product-type.application";
		};
/* End PBXNativeTarget section */

/* Begin PBXProject section */
		62999C4B207BF6EF0015A844 /* Project object */ = {
			isa = PBXProject;
			attributes = {
				LastSwiftUpdateCheck = 0920;
				LastUpgradeCheck = 0920;
				ORGANIZATIONNAME = "Kevin OBrien";
				TargetAttributes = {
					62999C52207BF6EF0015A844 = {
						CreatedOnToolsVersion = 9.2;
						ProvisioningStyle = Automatic;
					};
				};
			};
			buildConfigurationList = 62999C4E207BF6EF0015A844 /* Build configuration list for PBXProject "First_MAC_OS_App" */;
			compatibilityVersion = "Xcode 8.0";
			developmentRegion = en;
			hasScannedForEncodings = 0;
			knownRegions = (
				en,
				Base,
			);
			mainGroup = 62999C4A207BF6EF0015A844;
			productRefGroup = 62999C54207BF6EF0015A844 /* Products */;
			projectDirPath = "";
			projectRoot = "";
			targets = (
				62999C52207BF6EF0015A844 /* First_MAC_OS_App */,
			);
		};
/* End PBXProject section */

/* Begin PBXResourcesBuildPhase section */
		62999C51207BF6EF0015A844 /* Resources */ = {
			isa = PBXResourcesBuildPhase;
			buildActionMask = 2147483647;
			files = (
				62999C5B207BF6EF0015A844 /* Assets.xcassets in Resources */,
				62999C5E207BF6EF0015A844 /* Main.storyboard in Resources */,
			);
			runOnlyForDeploymentPostprocessing = 0;
		};
/* End PBXResourcesBuildPhase section */

/* Begin PBXSourcesBuildPhase section */
		62999C4F207BF6EF0015A844 /* Sources */ = {
			isa = PBXSourcesBuildPhase;
			buildActionMask = 2147483647;
			files = (
				62999C59207BF6EF0015A844 /* ViewController.swift in Sources */,
				62999C57207BF6EF0015A844 /* AppDelegate.swift in Sources */,
			);
			runOnlyForDeploymentPostprocessing = 0;
		};
/* End PBXSourcesBuildPhase section */

/* Begin PBXVariantGroup section */
		62999C5C207BF6EF0015A844 /* Main.storyboard */ = {
			isa = PBXVariantGroup;
			children = (
				62999C5D207BF6EF0015A844 /* Base */,
			);
			name = Main.storyboard;
			sourceTree = "<group>";
		};
/* End PBXVariantGroup section */

/* Begin XCBuildConfiguration section */
		62999C61207BF6EF0015A844 /* Debug */ = {
			isa = XCBuildConfiguration;
			buildSettings = {
				ALWAYS_SEARCH_USER_PATHS = NO;
				CLANG_ANALYZER_NONNULL = YES;
				CLANG_ANALYZER_NUMBER_OBJECT_CONVERSION = YES_AGGRESSIVE;
				CLANG_CXX_LANGUAGE_STANDARD = "gnu++14";
				CLANG_CXX_LIBRARY = "libc++";
				CLANG_ENABLE_MODULES = YES;
				CLANG_ENABLE_OBJC_ARC = YES;
				CLANG_WARN_BLOCK_CAPTURE_AUTORELEASING = YES;
				CLANG_WARN_BOOL_CONVERSION = YES;
				CLANG_WARN_COMMA = YES;
				CLANG_WARN_CONSTANT_CONVERSION = YES;
				CLANG_WARN_DIRECT_OBJC_ISA_USAGE = YES_ERROR;
				CLANG_WARN_DOCUMENTATION_COMMENTS = YES;
				CLANG_WARN_EMPTY_BODY = YES;
				CLANG_WARN_ENUM_CONVERSION = YES;
				CLANG_WARN_INFINITE_RECURSION = YES;
				CLANG_WARN_INT_CONVERSION = YES;
				CLANG_WARN_NON_LITERAL_NULL_CONVERSION = YES;
				CLANG_WARN_OBJC_LITERAL_CONVERSION = YES;
				CLANG_WARN_OBJC_ROOT_CLASS = YES_ERROR;
				CLANG_WARN_RANGE_LOOP_ANALYSIS = YES;
				CLANG_WARN_STRICT_PROTOTYPES = YES;
				CLANG_WARN_SUSPICIOUS_MOVE = YES;
				CLANG_WARN_UNGUARDED_AVAILABILITY = YES_AGGRESSIVE;
				CLANG_WARN_UNREACHABLE_CODE = YES;
				CLANG_WARN__DUPLICATE_METHOD_MATCH = YES;
				CODE_SIGN_IDENTITY = "Mac Developer";
				COPY_PHASE_STRIP = NO;
				DEBUG_INFORMATION_FORMAT = dwarf;
				ENABLE_STRICT_OBJC_MSGSEND = YES;
				ENABLE_TESTABILITY = YES;
				GCC_C_LANGUAGE_STANDARD = gnu11;
				GCC_DYNAMIC_NO_PIC = NO;
				GCC_NO_COMMON_BLOCKS = YES;
				GCC_OPTIMIZATION_LEVEL = 0;
				GCC_PREPROCESSOR_DEFINITIONS = (
					"DEBUG=1",
					"$(inherited)",
				);
				GCC_WARN_64_TO_32_BIT_CONVERSION = YES;
				GCC_WARN_ABOUT_RETURN_TYPE = YES_ERROR;
				GCC_WARN_UNDECLARED_SELECTOR = YES;
				GCC_WARN_UNINITIALIZED_AUTOS = YES_AGGRESSIVE;
				GCC_WARN_UNUSED_FUNCTION = YES;
				GCC_WARN_UNUSED_VARIABLE = YES;
				MACOSX_DEPLOYMENT_TARGET = 10.12;
				MTL_ENABLE_DEBUG_INFO = YES;
				ONLY_ACTIVE_ARCH = YES;
				SDKROOT = macosx;
				SWIFT_ACTIVE_COMPILATION_CONDITIONS = DEBUG;
				SWIFT_OPTIMIZATION_LEVEL = "-Onone";
			};
			name = Debug;
		};
		62999C62207BF6EF0015A844 /* Release */ = {
			isa = XCBuildConfiguration;
			buildSettings = {
				ALWAYS_SEARCH_USER_PATHS = NO;
				CLANG_ANALYZER_NONNULL = YES;
				CLANG_ANALYZER_NUMBER_OBJECT_CONVERSION = YES_AGGRESSIVE;
				CLANG_CXX_LANGUAGE_STANDARD = "gnu++14";
				CLANG_CXX_LIBRARY = "libc++";
				CLANG_ENABLE_MODULES = YES;
				CLANG_ENABLE_OBJC_ARC = YES;
				CLANG_WARN_BLOCK_CAPTURE_AUTORELEASING = YES;
				CLANG_WARN_BOOL_CONVERSION = YES;
				CLANG_WARN_COMMA = YES;
				CLANG_WARN_CONSTANT_CONVERSION = YES;
				CLANG_WARN_DIRECT_OBJC_ISA_USAGE = YES_ERROR;
				CLANG_WARN_DOCUMENTATION_COMMENTS = YES;
				CLANG_WARN_EMPTY_BODY = YES;
				CLANG_WARN_ENUM_CONVERSION = YES;
				CLANG_WARN_INFINITE_RECURSION = YES;
				CLANG_WARN_INT_CONVERSION = YES;
				CLANG_WARN_NON_LITERAL_NULL_CONVERSION = YES;
				CLANG_WARN_OBJC_LITERAL_CONVERSION = YES;
				CLANG_WARN_OBJC_ROOT_CLASS = YES_ERROR;
				CLANG_WARN_RANGE_LOOP_ANALYSIS = YES;
				CLANG_WARN_STRICT_PROTOTYPES = YES;
				CLANG_WARN_SUSPICIOUS_MOVE = YES;
				CLANG_WARN_UNGUARDED_AVAILABILITY = YES_AGGRESSIVE;
				CLANG_WARN_UNREACHABLE_CODE = YES;
				CLANG_WARN__DUPLICATE_METHOD_MATCH = YES;
				CODE_SIGN_IDENTITY = "Mac Developer";
				COPY_PHASE_STRIP = NO;
				DEBUG_INFORMATION_FORMAT = "dwarf-with-dsym";
				ENABLE_NS_ASSERTIONS = NO;
				ENABLE_STRICT_OBJC_MSGSEND = YES;
				GCC_C_LANGUAGE_STANDARD = gnu11;
				GCC_NO_COMMON_BLOCKS = YES;
				GCC_WARN_64_TO_32_BIT_CONVERSION = YES;
				GCC_WARN_ABOUT_RETURN_TYPE = YES_ERROR;
				GCC_WARN_UNDECLARED_SELECTOR = YES;
				GCC_WARN_UNINITIALIZED_AUTOS = YES_AGGRESSIVE;
				GCC_WARN_UNUSED_FUNCTION = YES;
				GCC_WARN_UNUSED_VARIABLE = YES;
				MACOSX_DEPLOYMENT_TARGET = 10.12;
				MTL_ENABLE_DEBUG_INFO = NO;
				SDKROOT = macosx;
				SWIFT_OPTIMIZATION_LEVEL = "-Owholemodule";
			};
			name = Release;
		};
		62999C64207BF6EF0015A844 /* Debug */ = {
			isa = XCBuildConfiguration;
			buildSettings = {
				ASSETCATALOG_COMPILER_APPICON_NAME = AppIcon;
				CODE_SIGN_ENTITLEMENTS = First_MAC_OS_App/First_MAC_OS_App.entitlements;
				CODE_SIGN_STYLE = Automatic;
				COMBINE_HIDPI_IMAGES = YES;
				DEVELOPMENT_TEAM = 2D9JC75R4Y;
				INFOPLIST_FILE = First_MAC_OS_App/Info.plist;
				LD_RUNPATH_SEARCH_PATHS = "$(inherited) @executable_path/../Frameworks";
				PRODUCT_BUNDLE_IDENTIFIER = "kotbucket-gmail.com.First-MAC-OS-App";
				PRODUCT_NAME = "$(TARGET_NAME)";
				SWIFT_VERSION = 4.0;
			};
			name = Debug;
		};
		62999C65207BF6EF0015A844 /* Release */ = {
			isa = XCBuildConfiguration;
			buildSettings = {
				ASSETCATALOG_COMPILER_APPICON_NAME = AppIcon;
				CODE_SIGN_ENTITLEMENTS = First_MAC_OS_App/First_MAC_OS_App.entitlements;
				CODE_SIGN_STYLE = Automatic;
				COMBINE_HIDPI_IMAGES = YES;
				DEVELOPMENT_TEAM = 2D9JC75R4Y;
				INFOPLIST_FILE = First_MAC_OS_App/Info.plist;
				LD_RUNPATH_SEARCH_PATHS = "$(inherited) @executable_path/../Frameworks";
				PRODUCT_BUNDLE_IDENTIFIER = "kotbucket-gmail.com.First-MAC-OS-App";
				PRODUCT_NAME = "$(TARGET_NAME)";
				SWIFT_VERSION = 4.0;
			};
			name = Release;
		};
/* End XCBuildConfiguration section */

/* Begin XCConfigurationList section */
		62999C4E207BF6EF0015A844 /* Build configuration list for PBXProject "First_MAC_OS_App" */ = {
			isa = XCConfigurationList;
			buildConfigurations = (
				62999C61207BF6EF0015A844 /* Debug */,
				62999C62207BF6EF0015A844 /* Release */,
			);
			defaultConfigurationIsVisible = 0;
			defaultConfigurationName = Release;
		};
		62999C63207BF6EF0015A844 /* Build configuration list for PBXNativeTarget "First_MAC_OS_App" */ = {
			isa = XCConfigurationList;
			buildConfigurations = (
				62999C64207BF6EF0015A844 /* Debug */,
				62999C65207BF6EF0015A844 /* Release */,
			);
			defaultConfigurationIsVisible = 0;
			defaultConfigurationName = Release;
		};
/* End XCConfigurationList section */
	};
	rootObject = 62999C4B207BF6EF0015A844 /* Project object */;
}
